
Microsoft Visual Studio Solution File, Format Version 12.00
Project("{FAE04EC0-301F-11D3-BF4B-00C04F79EFBC}") = "Emne3.1", "Emne3.1.csproj", "{B3E43804-414E-4BD4-AA57-DEABF10099A1}"
EndProject
Global
	GlobalSection(SolutionConfigurationPlatforms) = preSolution
		Debug|Any CPU = Debug|Any CPU
		Release|Any CPU = Release|Any CPU
	EndGlobalSection
	GlobalSection(ProjectConfigurationPlatforms) = postSolution
		{B3E43804-414E-4BD4-AA57-DEABF10099A1}.Debug|Any CPU.ActiveCfg = Debug|Any CPU
		{B3E43804-414E-4BD4-AA57-DEABF10099A1}.Debug|Any CPU.Build.0 = Debug|Any CPU
		{B3E43804-414E-4BD4-AA57-DEABF10099A1}.Release|Any CPU.ActiveCfg = Release|Any CPU
		{B3E43804-414E-4BD4-AA57-DEABF10099A1}.Release|Any CPU.Build.0 = Release|Any CPU
	EndGlobalSection
EndGlobal
