
Microsoft Visual Studio Solution File, Format Version 12.00
# Visual Studio Version 17
VisualStudioVersion = 17.5.2.0
MinimumVisualStudioVersion = 10.0.40219.1
Project("{2150E333-8FDC-42A3-9474-1A3956D46DE8}") = "C#", "C#", "{1DBD47E2-544B-F58A-27AE-70AE938492FA}"
EndProject
Project("{FAE04EC0-301F-11D3-BF4B-00C04F79EFBC}") = "01", "C#\01\01.csproj", "{167F98E6-4F7F-F8F2-56D1-E41FDA201B8F}"
EndProject
Project("{FAE04EC0-301F-11D3-BF4B-00C04F79EFBC}") = "Ex2", "Ex2\Ex2.csproj", "{0FD760B4-EE07-4D22-AD5E-13182226455D}"
EndProject
Project("{FAE04EC0-301F-11D3-BF4B-00C04F79EFBC}") = "StudentGrades", "StudentGrades\StudentGrades.csproj", "{9E3636C8-A140-4063-8398-E6EC1A7E7100}"
EndProject
Project("{FAE04EC0-301F-11D3-BF4B-00C04F79EFBC}") = "Ex3", "Ex3\Ex3.csproj", "{5DA619A8-7D75-4FD6-AA1D-978871302944}"
EndProject
Project("{FAE04EC0-301F-11D3-BF4B-00C04F79EFBC}") = "Ex4", "Ex4\Ex4.csproj", "{221F7F79-3C05-4FBD-B53E-12A721006BB7}"
EndProject
Project("{FAE04EC0-301F-11D3-BF4B-00C04F79EFBC}") = "Ex5", "Ex5\Ex5.csproj", "{CAE48F4F-DA2F-43B2-91E7-2D859E54183B}"
EndProject
Project("{FAE04EC0-301F-11D3-BF4B-00C04F79EFBC}") = "Ex6", "Ex6\Ex6.csproj", "{F4B111B8-C1AB-4CB4-A254-817EFC5F8476}"
EndProject
Project("{FAE04EC0-301F-11D3-BF4B-00C04F79EFBC}") = "ex7", "ex7\ex7.csproj", "{896B1D5E-2DAD-4E70-B3BB-B8496BEE0DA0}"
EndProject
Project("{FAE04EC0-301F-11D3-BF4B-00C04F79EFBC}") = "Ex8", "Ex8\Ex8.csproj", "{E3A79AC0-89E2-4C22-A09F-6E5CCD0F1752}"
EndProject
Project("{FAE04EC0-301F-11D3-BF4B-00C04F79EFBC}") = "Ex9", "Ex9\Ex9.csproj", "{40602E9B-A0DA-4A96-8B09-7075BB242F85}"
EndProject
Project("{FAE04EC0-301F-11D3-BF4B-00C04F79EFBC}") = "ex10", "ex10\ex10.csproj", "{B7AB8954-7DA3-4A5A-A101-DCD1126EBFB2}"
EndProject
Project("{FAE04EC0-301F-11D3-BF4B-00C04F79EFBC}") = "ex11", "ex11\ex11.csproj", "{0C05F936-9396-49CA-851E-D0AF3130F60B}"
EndProject
Project("{FAE04EC0-301F-11D3-BF4B-00C04F79EFBC}") = "Pets", "Pets\Pets.csproj", "{62A1218A-482B-41D6-BD68-6609D0BE1B5E}"
EndProject
Project("{FAE04EC0-301F-11D3-BF4B-00C04F79EFBC}") = "challenge2", "challenge2\challenge2.csproj", "{9739006B-0944-4B98-A9BA-2B0B1EA69C7A}"
EndProject
Project("{FAE04EC0-301F-11D3-BF4B-00C04F79EFBC}") = "kommandolinjegrensesnitt", "kommandolinjegrensesnitt\kommandolinjegrensesnitt.csproj", "{0C1639BC-6DBE-4AFE-8E54-825BA4E219EC}"
EndProject
Project("{FAE04EC0-301F-11D3-BF4B-00C04F79EFBC}") = "omskriveElseIfToSwitch", "omskriveElseIfToSwitch\omskriveElseIfToSwitch.csproj", "{2EE066E1-7D2D-440C-8061-86FB89BAF490}"
EndProject
Project("{FAE04EC0-301F-11D3-BF4B-00C04F79EFBC}") = "DoWhile", "DoWhile\DoWhile.csproj", "{FD04FC85-84FB-4C01-B23B-AE16755DD95B}"
EndProject
Project("{FAE04EC0-301F-11D3-BF4B-00C04F79EFBC}") = "spill1", "spill1\spill1.csproj", "{A0F1E548-EDBE-428C-A5DD-DAEC42108741}"
EndProject
Project("{FAE04EC0-301F-11D3-BF4B-00C04F79EFBC}") = "AdministereData", "AdministereData\AdministereData.csproj", "{602349BB-64F1-41C6-8D5B-04187E3CE9E1}"
EndProject
Project("{FAE04EC0-301F-11D3-BF4B-00C04F79EFBC}") = "kodeprosjekt3Vol1", "kodeprosjekt3Vol1\kodeprosjekt3Vol1.csproj", "{7B8A7D51-DA53-4C79-AADA-E1AF425E19A1}"
EndProject
Project("{FAE04EC0-301F-11D3-BF4B-00C04F79EFBC}") = "kodeProsjekt3vol2", "kodeProsjekt3vol2\kodeProsjekt3vol2.csproj", "{719DDA07-79B7-4AF5-A02A-4C4D7891D6D5}"
EndProject
Project("{FAE04EC0-301F-11D3-BF4B-00C04F79EFBC}") = "kodeProsjekt3Vol3", "kodeProsjekt3Vol3\kodeProsjekt3Vol3.csproj", "{4A525053-13C5-436C-AC34-ED99ABF324D6}"
EndProject
Project("{FAE04EC0-301F-11D3-BF4B-00C04F79EFBC}") = "MyWebbAppVol2", "MyWebbAppVol2\MyWebbAppVol2.csproj", "{404D4237-A07C-420C-A426-5A5AB965E623}"
EndProject
Global
	GlobalSection(SolutionConfigurationPlatforms) = preSolution
		Debug|Any CPU = Debug|Any CPU
		Debug|x64 = Debug|x64
		Debug|x86 = Debug|x86
		Release|Any CPU = Release|Any CPU
		Release|x64 = Release|x64
		Release|x86 = Release|x86
	EndGlobalSection
	GlobalSection(ProjectConfigurationPlatforms) = postSolution
		{167F98E6-4F7F-F8F2-56D1-E41FDA201B8F}.Debug|Any CPU.ActiveCfg = Debug|Any CPU
		{167F98E6-4F7F-F8F2-56D1-E41FDA201B8F}.Debug|Any CPU.Build.0 = Debug|Any CPU
		{167F98E6-4F7F-F8F2-56D1-E41FDA201B8F}.Debug|x64.ActiveCfg = Debug|Any CPU
		{167F98E6-4F7F-F8F2-56D1-E41FDA201B8F}.Debug|x64.Build.0 = Debug|Any CPU
		{167F98E6-4F7F-F8F2-56D1-E41FDA201B8F}.Debug|x86.ActiveCfg = Debug|Any CPU
		{167F98E6-4F7F-F8F2-56D1-E41FDA201B8F}.Debug|x86.Build.0 = Debug|Any CPU
		{167F98E6-4F7F-F8F2-56D1-E41FDA201B8F}.Release|Any CPU.ActiveCfg = Release|Any CPU
		{167F98E6-4F7F-F8F2-56D1-E41FDA201B8F}.Release|Any CPU.Build.0 = Release|Any CPU
		{167F98E6-4F7F-F8F2-56D1-E41FDA201B8F}.Release|x64.ActiveCfg = Release|Any CPU
		{167F98E6-4F7F-F8F2-56D1-E41FDA201B8F}.Release|x64.Build.0 = Release|Any CPU
		{167F98E6-4F7F-F8F2-56D1-E41FDA201B8F}.Release|x86.ActiveCfg = Release|Any CPU
		{167F98E6-4F7F-F8F2-56D1-E41FDA201B8F}.Release|x86.Build.0 = Release|Any CPU
		{0FD760B4-EE07-4D22-AD5E-13182226455D}.Debug|Any CPU.ActiveCfg = Debug|Any CPU
		{0FD760B4-EE07-4D22-AD5E-13182226455D}.Debug|Any CPU.Build.0 = Debug|Any CPU
		{0FD760B4-EE07-4D22-AD5E-13182226455D}.Debug|x64.ActiveCfg = Debug|Any CPU
		{0FD760B4-EE07-4D22-AD5E-13182226455D}.Debug|x64.Build.0 = Debug|Any CPU
		{0FD760B4-EE07-4D22-AD5E-13182226455D}.Debug|x86.ActiveCfg = Debug|Any CPU
		{0FD760B4-EE07-4D22-AD5E-13182226455D}.Debug|x86.Build.0 = Debug|Any CPU
		{0FD760B4-EE07-4D22-AD5E-13182226455D}.Release|Any CPU.ActiveCfg = Release|Any CPU
		{0FD760B4-EE07-4D22-AD5E-13182226455D}.Release|Any CPU.Build.0 = Release|Any CPU
		{0FD760B4-EE07-4D22-AD5E-13182226455D}.Release|x64.ActiveCfg = Release|Any CPU
		{0FD760B4-EE07-4D22-AD5E-13182226455D}.Release|x64.Build.0 = Release|Any CPU
		{0FD760B4-EE07-4D22-AD5E-13182226455D}.Release|x86.ActiveCfg = Release|Any CPU
		{0FD760B4-EE07-4D22-AD5E-13182226455D}.Release|x86.Build.0 = Release|Any CPU
		{9E3636C8-A140-4063-8398-E6EC1A7E7100}.Debug|Any CPU.ActiveCfg = Debug|Any CPU
		{9E3636C8-A140-4063-8398-E6EC1A7E7100}.Debug|Any CPU.Build.0 = Debug|Any CPU
		{9E3636C8-A140-4063-8398-E6EC1A7E7100}.Debug|x64.ActiveCfg = Debug|Any CPU
		{9E3636C8-A140-4063-8398-E6EC1A7E7100}.Debug|x64.Build.0 = Debug|Any CPU
		{9E3636C8-A140-4063-8398-E6EC1A7E7100}.Debug|x86.ActiveCfg = Debug|Any CPU
		{9E3636C8-A140-4063-8398-E6EC1A7E7100}.Debug|x86.Build.0 = Debug|Any CPU
		{9E3636C8-A140-4063-8398-E6EC1A7E7100}.Release|Any CPU.ActiveCfg = Release|Any CPU
		{9E3636C8-A140-4063-8398-E6EC1A7E7100}.Release|Any CPU.Build.0 = Release|Any CPU
		{9E3636C8-A140-4063-8398-E6EC1A7E7100}.Release|x64.ActiveCfg = Release|Any CPU
		{9E3636C8-A140-4063-8398-E6EC1A7E7100}.Release|x64.Build.0 = Release|Any CPU
		{9E3636C8-A140-4063-8398-E6EC1A7E7100}.Release|x86.ActiveCfg = Release|Any CPU
		{9E3636C8-A140-4063-8398-E6EC1A7E7100}.Release|x86.Build.0 = Release|Any CPU
		{5DA619A8-7D75-4FD6-AA1D-978871302944}.Debug|Any CPU.ActiveCfg = Debug|Any CPU
		{5DA619A8-7D75-4FD6-AA1D-978871302944}.Debug|Any CPU.Build.0 = Debug|Any CPU
		{5DA619A8-7D75-4FD6-AA1D-978871302944}.Debug|x64.ActiveCfg = Debug|Any CPU
		{5DA619A8-7D75-4FD6-AA1D-978871302944}.Debug|x64.Build.0 = Debug|Any CPU
		{5DA619A8-7D75-4FD6-AA1D-978871302944}.Debug|x86.ActiveCfg = Debug|Any CPU
		{5DA619A8-7D75-4FD6-AA1D-978871302944}.Debug|x86.Build.0 = Debug|Any CPU
		{5DA619A8-7D75-4FD6-AA1D-978871302944}.Release|Any CPU.ActiveCfg = Release|Any CPU
		{5DA619A8-7D75-4FD6-AA1D-978871302944}.Release|Any CPU.Build.0 = Release|Any CPU
		{5DA619A8-7D75-4FD6-AA1D-978871302944}.Release|x64.ActiveCfg = Release|Any CPU
		{5DA619A8-7D75-4FD6-AA1D-978871302944}.Release|x64.Build.0 = Release|Any CPU
		{5DA619A8-7D75-4FD6-AA1D-978871302944}.Release|x86.ActiveCfg = Release|Any CPU
		{5DA619A8-7D75-4FD6-AA1D-978871302944}.Release|x86.Build.0 = Release|Any CPU
		{221F7F79-3C05-4FBD-B53E-12A721006BB7}.Debug|Any CPU.ActiveCfg = Debug|Any CPU
		{221F7F79-3C05-4FBD-B53E-12A721006BB7}.Debug|Any CPU.Build.0 = Debug|Any CPU
		{221F7F79-3C05-4FBD-B53E-12A721006BB7}.Debug|x64.ActiveCfg = Debug|Any CPU
		{221F7F79-3C05-4FBD-B53E-12A721006BB7}.Debug|x64.Build.0 = Debug|Any CPU
		{221F7F79-3C05-4FBD-B53E-12A721006BB7}.Debug|x86.ActiveCfg = Debug|Any CPU
		{221F7F79-3C05-4FBD-B53E-12A721006BB7}.Debug|x86.Build.0 = Debug|Any CPU
		{221F7F79-3C05-4FBD-B53E-12A721006BB7}.Release|Any CPU.ActiveCfg = Release|Any CPU
		{221F7F79-3C05-4FBD-B53E-12A721006BB7}.Release|Any CPU.Build.0 = Release|Any CPU
		{221F7F79-3C05-4FBD-B53E-12A721006BB7}.Release|x64.ActiveCfg = Release|Any CPU
		{221F7F79-3C05-4FBD-B53E-12A721006BB7}.Release|x64.Build.0 = Release|Any CPU
		{221F7F79-3C05-4FBD-B53E-12A721006BB7}.Release|x86.ActiveCfg = Release|Any CPU
		{221F7F79-3C05-4FBD-B53E-12A721006BB7}.Release|x86.Build.0 = Release|Any CPU
		{CAE48F4F-DA2F-43B2-91E7-2D859E54183B}.Debug|Any CPU.ActiveCfg = Debug|Any CPU
		{CAE48F4F-DA2F-43B2-91E7-2D859E54183B}.Debug|Any CPU.Build.0 = Debug|Any CPU
		{CAE48F4F-DA2F-43B2-91E7-2D859E54183B}.Debug|x64.ActiveCfg = Debug|Any CPU
		{CAE48F4F-DA2F-43B2-91E7-2D859E54183B}.Debug|x64.Build.0 = Debug|Any CPU
		{CAE48F4F-DA2F-43B2-91E7-2D859E54183B}.Debug|x86.ActiveCfg = Debug|Any CPU
		{CAE48F4F-DA2F-43B2-91E7-2D859E54183B}.Debug|x86.Build.0 = Debug|Any CPU
		{CAE48F4F-DA2F-43B2-91E7-2D859E54183B}.Release|Any CPU.ActiveCfg = Release|Any CPU
		{CAE48F4F-DA2F-43B2-91E7-2D859E54183B}.Release|Any CPU.Build.0 = Release|Any CPU
		{CAE48F4F-DA2F-43B2-91E7-2D859E54183B}.Release|x64.ActiveCfg = Release|Any CPU
		{CAE48F4F-DA2F-43B2-91E7-2D859E54183B}.Release|x64.Build.0 = Release|Any CPU
		{CAE48F4F-DA2F-43B2-91E7-2D859E54183B}.Release|x86.ActiveCfg = Release|Any CPU
		{CAE48F4F-DA2F-43B2-91E7-2D859E54183B}.Release|x86.Build.0 = Release|Any CPU
		{F4B111B8-C1AB-4CB4-A254-817EFC5F8476}.Debug|Any CPU.ActiveCfg = Debug|Any CPU
		{F4B111B8-C1AB-4CB4-A254-817EFC5F8476}.Debug|Any CPU.Build.0 = Debug|Any CPU
		{F4B111B8-C1AB-4CB4-A254-817EFC5F8476}.Debug|x64.ActiveCfg = Debug|Any CPU
		{F4B111B8-C1AB-4CB4-A254-817EFC5F8476}.Debug|x64.Build.0 = Debug|Any CPU
		{F4B111B8-C1AB-4CB4-A254-817EFC5F8476}.Debug|x86.ActiveCfg = Debug|Any CPU
		{F4B111B8-C1AB-4CB4-A254-817EFC5F8476}.Debug|x86.Build.0 = Debug|Any CPU
		{F4B111B8-C1AB-4CB4-A254-817EFC5F8476}.Release|Any CPU.ActiveCfg = Release|Any CPU
		{F4B111B8-C1AB-4CB4-A254-817EFC5F8476}.Release|Any CPU.Build.0 = Release|Any CPU
		{F4B111B8-C1AB-4CB4-A254-817EFC5F8476}.Release|x64.ActiveCfg = Release|Any CPU
		{F4B111B8-C1AB-4CB4-A254-817EFC5F8476}.Release|x64.Build.0 = Release|Any CPU
		{F4B111B8-C1AB-4CB4-A254-817EFC5F8476}.Release|x86.ActiveCfg = Release|Any CPU
		{F4B111B8-C1AB-4CB4-A254-817EFC5F8476}.Release|x86.Build.0 = Release|Any CPU
		{896B1D5E-2DAD-4E70-B3BB-B8496BEE0DA0}.Debug|Any CPU.ActiveCfg = Debug|Any CPU
		{896B1D5E-2DAD-4E70-B3BB-B8496BEE0DA0}.Debug|Any CPU.Build.0 = Debug|Any CPU
		{896B1D5E-2DAD-4E70-B3BB-B8496BEE0DA0}.Debug|x64.ActiveCfg = Debug|Any CPU
		{896B1D5E-2DAD-4E70-B3BB-B8496BEE0DA0}.Debug|x64.Build.0 = Debug|Any CPU
		{896B1D5E-2DAD-4E70-B3BB-B8496BEE0DA0}.Debug|x86.ActiveCfg = Debug|Any CPU
		{896B1D5E-2DAD-4E70-B3BB-B8496BEE0DA0}.Debug|x86.Build.0 = Debug|Any CPU
		{896B1D5E-2DAD-4E70-B3BB-B8496BEE0DA0}.Release|Any CPU.ActiveCfg = Release|Any CPU
		{896B1D5E-2DAD-4E70-B3BB-B8496BEE0DA0}.Release|Any CPU.Build.0 = Release|Any CPU
		{896B1D5E-2DAD-4E70-B3BB-B8496BEE0DA0}.Release|x64.ActiveCfg = Release|Any CPU
		{896B1D5E-2DAD-4E70-B3BB-B8496BEE0DA0}.Release|x64.Build.0 = Release|Any CPU
		{896B1D5E-2DAD-4E70-B3BB-B8496BEE0DA0}.Release|x86.ActiveCfg = Release|Any CPU
		{896B1D5E-2DAD-4E70-B3BB-B8496BEE0DA0}.Release|x86.Build.0 = Release|Any CPU
		{E3A79AC0-89E2-4C22-A09F-6E5CCD0F1752}.Debug|Any CPU.ActiveCfg = Debug|Any CPU
		{E3A79AC0-89E2-4C22-A09F-6E5CCD0F1752}.Debug|Any CPU.Build.0 = Debug|Any CPU
		{E3A79AC0-89E2-4C22-A09F-6E5CCD0F1752}.Debug|x64.ActiveCfg = Debug|Any CPU
		{E3A79AC0-89E2-4C22-A09F-6E5CCD0F1752}.Debug|x64.Build.0 = Debug|Any CPU
		{E3A79AC0-89E2-4C22-A09F-6E5CCD0F1752}.Debug|x86.ActiveCfg = Debug|Any CPU
		{E3A79AC0-89E2-4C22-A09F-6E5CCD0F1752}.Debug|x86.Build.0 = Debug|Any CPU
		{E3A79AC0-89E2-4C22-A09F-6E5CCD0F1752}.Release|Any CPU.ActiveCfg = Release|Any CPU
		{E3A79AC0-89E2-4C22-A09F-6E5CCD0F1752}.Release|Any CPU.Build.0 = Release|Any CPU
		{E3A79AC0-89E2-4C22-A09F-6E5CCD0F1752}.Release|x64.ActiveCfg = Release|Any CPU
		{E3A79AC0-89E2-4C22-A09F-6E5CCD0F1752}.Release|x64.Build.0 = Release|Any CPU
		{E3A79AC0-89E2-4C22-A09F-6E5CCD0F1752}.Release|x86.ActiveCfg = Release|Any CPU
		{E3A79AC0-89E2-4C22-A09F-6E5CCD0F1752}.Release|x86.Build.0 = Release|Any CPU
		{40602E9B-A0DA-4A96-8B09-7075BB242F85}.Debug|Any CPU.ActiveCfg = Debug|Any CPU
		{40602E9B-A0DA-4A96-8B09-7075BB242F85}.Debug|Any CPU.Build.0 = Debug|Any CPU
		{40602E9B-A0DA-4A96-8B09-7075BB242F85}.Debug|x64.ActiveCfg = Debug|Any CPU
		{40602E9B-A0DA-4A96-8B09-7075BB242F85}.Debug|x64.Build.0 = Debug|Any CPU
		{40602E9B-A0DA-4A96-8B09-7075BB242F85}.Debug|x86.ActiveCfg = Debug|Any CPU
		{40602E9B-A0DA-4A96-8B09-7075BB242F85}.Debug|x86.Build.0 = Debug|Any CPU
		{40602E9B-A0DA-4A96-8B09-7075BB242F85}.Release|Any CPU.ActiveCfg = Release|Any CPU
		{40602E9B-A0DA-4A96-8B09-7075BB242F85}.Release|Any CPU.Build.0 = Release|Any CPU
		{40602E9B-A0DA-4A96-8B09-7075BB242F85}.Release|x64.ActiveCfg = Release|Any CPU
		{40602E9B-A0DA-4A96-8B09-7075BB242F85}.Release|x64.Build.0 = Release|Any CPU
		{40602E9B-A0DA-4A96-8B09-7075BB242F85}.Release|x86.ActiveCfg = Release|Any CPU
		{40602E9B-A0DA-4A96-8B09-7075BB242F85}.Release|x86.Build.0 = Release|Any CPU
		{B7AB8954-7DA3-4A5A-A101-DCD1126EBFB2}.Debug|Any CPU.ActiveCfg = Debug|Any CPU
		{B7AB8954-7DA3-4A5A-A101-DCD1126EBFB2}.Debug|Any CPU.Build.0 = Debug|Any CPU
		{B7AB8954-7DA3-4A5A-A101-DCD1126EBFB2}.Debug|x64.ActiveCfg = Debug|Any CPU
		{B7AB8954-7DA3-4A5A-A101-DCD1126EBFB2}.Debug|x64.Build.0 = Debug|Any CPU
		{B7AB8954-7DA3-4A5A-A101-DCD1126EBFB2}.Debug|x86.ActiveCfg = Debug|Any CPU
		{B7AB8954-7DA3-4A5A-A101-DCD1126EBFB2}.Debug|x86.Build.0 = Debug|Any CPU
		{B7AB8954-7DA3-4A5A-A101-DCD1126EBFB2}.Release|Any CPU.ActiveCfg = Release|Any CPU
		{B7AB8954-7DA3-4A5A-A101-DCD1126EBFB2}.Release|Any CPU.Build.0 = Release|Any CPU
		{B7AB8954-7DA3-4A5A-A101-DCD1126EBFB2}.Release|x64.ActiveCfg = Release|Any CPU
		{B7AB8954-7DA3-4A5A-A101-DCD1126EBFB2}.Release|x64.Build.0 = Release|Any CPU
		{B7AB8954-7DA3-4A5A-A101-DCD1126EBFB2}.Release|x86.ActiveCfg = Release|Any CPU
		{B7AB8954-7DA3-4A5A-A101-DCD1126EBFB2}.Release|x86.Build.0 = Release|Any CPU
		{0C05F936-9396-49CA-851E-D0AF3130F60B}.Debug|Any CPU.ActiveCfg = Debug|Any CPU
		{0C05F936-9396-49CA-851E-D0AF3130F60B}.Debug|Any CPU.Build.0 = Debug|Any CPU
		{0C05F936-9396-49CA-851E-D0AF3130F60B}.Debug|x64.ActiveCfg = Debug|Any CPU
		{0C05F936-9396-49CA-851E-D0AF3130F60B}.Debug|x64.Build.0 = Debug|Any CPU
		{0C05F936-9396-49CA-851E-D0AF3130F60B}.Debug|x86.ActiveCfg = Debug|Any CPU
		{0C05F936-9396-49CA-851E-D0AF3130F60B}.Debug|x86.Build.0 = Debug|Any CPU
		{0C05F936-9396-49CA-851E-D0AF3130F60B}.Release|Any CPU.ActiveCfg = Release|Any CPU
		{0C05F936-9396-49CA-851E-D0AF3130F60B}.Release|Any CPU.Build.0 = Release|Any CPU
		{0C05F936-9396-49CA-851E-D0AF3130F60B}.Release|x64.ActiveCfg = Release|Any CPU
		{0C05F936-9396-49CA-851E-D0AF3130F60B}.Release|x64.Build.0 = Release|Any CPU
		{0C05F936-9396-49CA-851E-D0AF3130F60B}.Release|x86.ActiveCfg = Release|Any CPU
		{0C05F936-9396-49CA-851E-D0AF3130F60B}.Release|x86.Build.0 = Release|Any CPU
		{62A1218A-482B-41D6-BD68-6609D0BE1B5E}.Debug|Any CPU.ActiveCfg = Debug|Any CPU
		{62A1218A-482B-41D6-BD68-6609D0BE1B5E}.Debug|Any CPU.Build.0 = Debug|Any CPU
		{62A1218A-482B-41D6-BD68-6609D0BE1B5E}.Debug|x64.ActiveCfg = Debug|Any CPU
		{62A1218A-482B-41D6-BD68-6609D0BE1B5E}.Debug|x64.Build.0 = Debug|Any CPU
		{62A1218A-482B-41D6-BD68-6609D0BE1B5E}.Debug|x86.ActiveCfg = Debug|Any CPU
		{62A1218A-482B-41D6-BD68-6609D0BE1B5E}.Debug|x86.Build.0 = Debug|Any CPU
		{62A1218A-482B-41D6-BD68-6609D0BE1B5E}.Release|Any CPU.ActiveCfg = Release|Any CPU
		{62A1218A-482B-41D6-BD68-6609D0BE1B5E}.Release|Any CPU.Build.0 = Release|Any CPU
		{62A1218A-482B-41D6-BD68-6609D0BE1B5E}.Release|x64.ActiveCfg = Release|Any CPU
		{62A1218A-482B-41D6-BD68-6609D0BE1B5E}.Release|x64.Build.0 = Release|Any CPU
		{62A1218A-482B-41D6-BD68-6609D0BE1B5E}.Release|x86.ActiveCfg = Release|Any CPU
		{62A1218A-482B-41D6-BD68-6609D0BE1B5E}.Release|x86.Build.0 = Release|Any CPU
		{9739006B-0944-4B98-A9BA-2B0B1EA69C7A}.Debug|Any CPU.ActiveCfg = Debug|Any CPU
		{9739006B-0944-4B98-A9BA-2B0B1EA69C7A}.Debug|Any CPU.Build.0 = Debug|Any CPU
		{9739006B-0944-4B98-A9BA-2B0B1EA69C7A}.Debug|x64.ActiveCfg = Debug|Any CPU
		{9739006B-0944-4B98-A9BA-2B0B1EA69C7A}.Debug|x64.Build.0 = Debug|Any CPU
		{9739006B-0944-4B98-A9BA-2B0B1EA69C7A}.Debug|x86.ActiveCfg = Debug|Any CPU
		{9739006B-0944-4B98-A9BA-2B0B1EA69C7A}.Debug|x86.Build.0 = Debug|Any CPU
		{9739006B-0944-4B98-A9BA-2B0B1EA69C7A}.Release|Any CPU.ActiveCfg = Release|Any CPU
		{9739006B-0944-4B98-A9BA-2B0B1EA69C7A}.Release|Any CPU.Build.0 = Release|Any CPU
		{9739006B-0944-4B98-A9BA-2B0B1EA69C7A}.Release|x64.ActiveCfg = Release|Any CPU
		{9739006B-0944-4B98-A9BA-2B0B1EA69C7A}.Release|x64.Build.0 = Release|Any CPU
		{9739006B-0944-4B98-A9BA-2B0B1EA69C7A}.Release|x86.ActiveCfg = Release|Any CPU
		{9739006B-0944-4B98-A9BA-2B0B1EA69C7A}.Release|x86.Build.0 = Release|Any CPU
		{0C1639BC-6DBE-4AFE-8E54-825BA4E219EC}.Debug|Any CPU.ActiveCfg = Debug|Any CPU
		{0C1639BC-6DBE-4AFE-8E54-825BA4E219EC}.Debug|Any CPU.Build.0 = Debug|Any CPU
		{0C1639BC-6DBE-4AFE-8E54-825BA4E219EC}.Debug|x64.ActiveCfg = Debug|Any CPU
		{0C1639BC-6DBE-4AFE-8E54-825BA4E219EC}.Debug|x64.Build.0 = Debug|Any CPU
		{0C1639BC-6DBE-4AFE-8E54-825BA4E219EC}.Debug|x86.ActiveCfg = Debug|Any CPU
		{0C1639BC-6DBE-4AFE-8E54-825BA4E219EC}.Debug|x86.Build.0 = Debug|Any CPU
		{0C1639BC-6DBE-4AFE-8E54-825BA4E219EC}.Release|Any CPU.ActiveCfg = Release|Any CPU
		{0C1639BC-6DBE-4AFE-8E54-825BA4E219EC}.Release|Any CPU.Build.0 = Release|Any CPU
		{0C1639BC-6DBE-4AFE-8E54-825BA4E219EC}.Release|x64.ActiveCfg = Release|Any CPU
		{0C1639BC-6DBE-4AFE-8E54-825BA4E219EC}.Release|x64.Build.0 = Release|Any CPU
		{0C1639BC-6DBE-4AFE-8E54-825BA4E219EC}.Release|x86.ActiveCfg = Release|Any CPU
		{0C1639BC-6DBE-4AFE-8E54-825BA4E219EC}.Release|x86.Build.0 = Release|Any CPU
		{2EE066E1-7D2D-440C-8061-86FB89BAF490}.Debug|Any CPU.ActiveCfg = Debug|Any CPU
		{2EE066E1-7D2D-440C-8061-86FB89BAF490}.Debug|Any CPU.Build.0 = Debug|Any CPU
		{2EE066E1-7D2D-440C-8061-86FB89BAF490}.Debug|x64.ActiveCfg = Debug|Any CPU
		{2EE066E1-7D2D-440C-8061-86FB89BAF490}.Debug|x64.Build.0 = Debug|Any CPU
		{2EE066E1-7D2D-440C-8061-86FB89BAF490}.Debug|x86.ActiveCfg = Debug|Any CPU
		{2EE066E1-7D2D-440C-8061-86FB89BAF490}.Debug|x86.Build.0 = Debug|Any CPU
		{2EE066E1-7D2D-440C-8061-86FB89BAF490}.Release|Any CPU.ActiveCfg = Release|Any CPU
		{2EE066E1-7D2D-440C-8061-86FB89BAF490}.Release|Any CPU.Build.0 = Release|Any CPU
		{2EE066E1-7D2D-440C-8061-86FB89BAF490}.Release|x64.ActiveCfg = Release|Any CPU
		{2EE066E1-7D2D-440C-8061-86FB89BAF490}.Release|x64.Build.0 = Release|Any CPU
		{2EE066E1-7D2D-440C-8061-86FB89BAF490}.Release|x86.ActiveCfg = Release|Any CPU
		{2EE066E1-7D2D-440C-8061-86FB89BAF490}.Release|x86.Build.0 = Release|Any CPU
		{FD04FC85-84FB-4C01-B23B-AE16755DD95B}.Debug|Any CPU.ActiveCfg = Debug|Any CPU
		{FD04FC85-84FB-4C01-B23B-AE16755DD95B}.Debug|Any CPU.Build.0 = Debug|Any CPU
		{FD04FC85-84FB-4C01-B23B-AE16755DD95B}.Debug|x64.ActiveCfg = Debug|Any CPU
		{FD04FC85-84FB-4C01-B23B-AE16755DD95B}.Debug|x64.Build.0 = Debug|Any CPU
		{FD04FC85-84FB-4C01-B23B-AE16755DD95B}.Debug|x86.ActiveCfg = Debug|Any CPU
		{FD04FC85-84FB-4C01-B23B-AE16755DD95B}.Debug|x86.Build.0 = Debug|Any CPU
		{FD04FC85-84FB-4C01-B23B-AE16755DD95B}.Release|Any CPU.ActiveCfg = Release|Any CPU
		{FD04FC85-84FB-4C01-B23B-AE16755DD95B}.Release|Any CPU.Build.0 = Release|Any CPU
		{FD04FC85-84FB-4C01-B23B-AE16755DD95B}.Release|x64.ActiveCfg = Release|Any CPU
		{FD04FC85-84FB-4C01-B23B-AE16755DD95B}.Release|x64.Build.0 = Release|Any CPU
		{FD04FC85-84FB-4C01-B23B-AE16755DD95B}.Release|x86.ActiveCfg = Release|Any CPU
		{FD04FC85-84FB-4C01-B23B-AE16755DD95B}.Release|x86.Build.0 = Release|Any CPU
		{A0F1E548-EDBE-428C-A5DD-DAEC42108741}.Debug|Any CPU.ActiveCfg = Debug|Any CPU
		{A0F1E548-EDBE-428C-A5DD-DAEC42108741}.Debug|Any CPU.Build.0 = Debug|Any CPU
		{A0F1E548-EDBE-428C-A5DD-DAEC42108741}.Debug|x64.ActiveCfg = Debug|Any CPU
		{A0F1E548-EDBE-428C-A5DD-DAEC42108741}.Debug|x64.Build.0 = Debug|Any CPU
		{A0F1E548-EDBE-428C-A5DD-DAEC42108741}.Debug|x86.ActiveCfg = Debug|Any CPU
		{A0F1E548-EDBE-428C-A5DD-DAEC42108741}.Debug|x86.Build.0 = Debug|Any CPU
		{A0F1E548-EDBE-428C-A5DD-DAEC42108741}.Release|Any CPU.ActiveCfg = Release|Any CPU
		{A0F1E548-EDBE-428C-A5DD-DAEC42108741}.Release|Any CPU.Build.0 = Release|Any CPU
		{A0F1E548-EDBE-428C-A5DD-DAEC42108741}.Release|x64.ActiveCfg = Release|Any CPU
		{A0F1E548-EDBE-428C-A5DD-DAEC42108741}.Release|x64.Build.0 = Release|Any CPU
		{A0F1E548-EDBE-428C-A5DD-DAEC42108741}.Release|x86.ActiveCfg = Release|Any CPU
		{A0F1E548-EDBE-428C-A5DD-DAEC42108741}.Release|x86.Build.0 = Release|Any CPU
		{602349BB-64F1-41C6-8D5B-04187E3CE9E1}.Debug|Any CPU.ActiveCfg = Debug|Any CPU
		{602349BB-64F1-41C6-8D5B-04187E3CE9E1}.Debug|Any CPU.Build.0 = Debug|Any CPU
		{602349BB-64F1-41C6-8D5B-04187E3CE9E1}.Debug|x64.ActiveCfg = Debug|Any CPU
		{602349BB-64F1-41C6-8D5B-04187E3CE9E1}.Debug|x64.Build.0 = Debug|Any CPU
		{602349BB-64F1-41C6-8D5B-04187E3CE9E1}.Debug|x86.ActiveCfg = Debug|Any CPU
		{602349BB-64F1-41C6-8D5B-04187E3CE9E1}.Debug|x86.Build.0 = Debug|Any CPU
		{602349BB-64F1-41C6-8D5B-04187E3CE9E1}.Release|Any CPU.ActiveCfg = Release|Any CPU
		{602349BB-64F1-41C6-8D5B-04187E3CE9E1}.Release|Any CPU.Build.0 = Release|Any CPU
		{602349BB-64F1-41C6-8D5B-04187E3CE9E1}.Release|x64.ActiveCfg = Release|Any CPU
		{602349BB-64F1-41C6-8D5B-04187E3CE9E1}.Release|x64.Build.0 = Release|Any CPU
		{602349BB-64F1-41C6-8D5B-04187E3CE9E1}.Release|x86.ActiveCfg = Release|Any CPU
		{602349BB-64F1-41C6-8D5B-04187E3CE9E1}.Release|x86.Build.0 = Release|Any CPU
		{7B8A7D51-DA53-4C79-AADA-E1AF425E19A1}.Debug|Any CPU.ActiveCfg = Debug|Any CPU
		{7B8A7D51-DA53-4C79-AADA-E1AF425E19A1}.Debug|Any CPU.Build.0 = Debug|Any CPU
		{7B8A7D51-DA53-4C79-AADA-E1AF425E19A1}.Debug|x64.ActiveCfg = Debug|Any CPU
		{7B8A7D51-DA53-4C79-AADA-E1AF425E19A1}.Debug|x64.Build.0 = Debug|Any CPU
		{7B8A7D51-DA53-4C79-AADA-E1AF425E19A1}.Debug|x86.ActiveCfg = Debug|Any CPU
		{7B8A7D51-DA53-4C79-AADA-E1AF425E19A1}.Debug|x86.Build.0 = Debug|Any CPU
		{7B8A7D51-DA53-4C79-AADA-E1AF425E19A1}.Release|Any CPU.ActiveCfg = Release|Any CPU
		{7B8A7D51-DA53-4C79-AADA-E1AF425E19A1}.Release|Any CPU.Build.0 = Release|Any CPU
		{7B8A7D51-DA53-4C79-AADA-E1AF425E19A1}.Release|x64.ActiveCfg = Release|Any CPU
		{7B8A7D51-DA53-4C79-AADA-E1AF425E19A1}.Release|x64.Build.0 = Release|Any CPU
		{7B8A7D51-DA53-4C79-AADA-E1AF425E19A1}.Release|x86.ActiveCfg = Release|Any CPU
		{7B8A7D51-DA53-4C79-AADA-E1AF425E19A1}.Release|x86.Build.0 = Release|Any CPU
		{719DDA07-79B7-4AF5-A02A-4C4D7891D6D5}.Debug|Any CPU.ActiveCfg = Debug|Any CPU
		{719DDA07-79B7-4AF5-A02A-4C4D7891D6D5}.Debug|Any CPU.Build.0 = Debug|Any CPU
		{719DDA07-79B7-4AF5-A02A-4C4D7891D6D5}.Debug|x64.ActiveCfg = Debug|Any CPU
		{719DDA07-79B7-4AF5-A02A-4C4D7891D6D5}.Debug|x64.Build.0 = Debug|Any CPU
		{719DDA07-79B7-4AF5-A02A-4C4D7891D6D5}.Debug|x86.ActiveCfg = Debug|Any CPU
		{719DDA07-79B7-4AF5-A02A-4C4D7891D6D5}.Debug|x86.Build.0 = Debug|Any CPU
		{719DDA07-79B7-4AF5-A02A-4C4D7891D6D5}.Release|Any CPU.ActiveCfg = Release|Any CPU
		{719DDA07-79B7-4AF5-A02A-4C4D7891D6D5}.Release|Any CPU.Build.0 = Release|Any CPU
		{719DDA07-79B7-4AF5-A02A-4C4D7891D6D5}.Release|x64.ActiveCfg = Release|Any CPU
		{719DDA07-79B7-4AF5-A02A-4C4D7891D6D5}.Release|x64.Build.0 = Release|Any CPU
		{719DDA07-79B7-4AF5-A02A-4C4D7891D6D5}.Release|x86.ActiveCfg = Release|Any CPU
		{719DDA07-79B7-4AF5-A02A-4C4D7891D6D5}.Release|x86.Build.0 = Release|Any CPU
		{4A525053-13C5-436C-AC34-ED99ABF324D6}.Debug|Any CPU.ActiveCfg = Debug|Any CPU
		{4A525053-13C5-436C-AC34-ED99ABF324D6}.Debug|Any CPU.Build.0 = Debug|Any CPU
		{4A525053-13C5-436C-AC34-ED99ABF324D6}.Debug|x64.ActiveCfg = Debug|Any CPU
		{4A525053-13C5-436C-AC34-ED99ABF324D6}.Debug|x64.Build.0 = Debug|Any CPU
		{4A525053-13C5-436C-AC34-ED99ABF324D6}.Debug|x86.ActiveCfg = Debug|Any CPU
		{4A525053-13C5-436C-AC34-ED99ABF324D6}.Debug|x86.Build.0 = Debug|Any CPU
		{4A525053-13C5-436C-AC34-ED99ABF324D6}.Release|Any CPU.ActiveCfg = Release|Any CPU
		{4A525053-13C5-436C-AC34-ED99ABF324D6}.Release|Any CPU.Build.0 = Release|Any CPU
		{4A525053-13C5-436C-AC34-ED99ABF324D6}.Release|x64.ActiveCfg = Release|Any CPU
		{4A525053-13C5-436C-AC34-ED99ABF324D6}.Release|x64.Build.0 = Release|Any CPU
		{4A525053-13C5-436C-AC34-ED99ABF324D6}.Release|x86.ActiveCfg = Release|Any CPU
		{4A525053-13C5-436C-AC34-ED99ABF324D6}.Release|x86.Build.0 = Release|Any CPU
		{404D4237-A07C-420C-A426-5A5AB965E623}.Debug|Any CPU.ActiveCfg = Debug|Any CPU
		{404D4237-A07C-420C-A426-5A5AB965E623}.Debug|Any CPU.Build.0 = Debug|Any CPU
		{404D4237-A07C-420C-A426-5A5AB965E623}.Debug|x64.ActiveCfg = Debug|Any CPU
		{404D4237-A07C-420C-A426-5A5AB965E623}.Debug|x64.Build.0 = Debug|Any CPU
		{404D4237-A07C-420C-A426-5A5AB965E623}.Debug|x86.ActiveCfg = Debug|Any CPU
		{404D4237-A07C-420C-A426-5A5AB965E623}.Debug|x86.Build.0 = Debug|Any CPU
		{404D4237-A07C-420C-A426-5A5AB965E623}.Release|Any CPU.ActiveCfg = Release|Any CPU
		{404D4237-A07C-420C-A426-5A5AB965E623}.Release|Any CPU.Build.0 = Release|Any CPU
		{404D4237-A07C-420C-A426-5A5AB965E623}.Release|x64.ActiveCfg = Release|Any CPU
		{404D4237-A07C-420C-A426-5A5AB965E623}.Release|x64.Build.0 = Release|Any CPU
		{404D4237-A07C-420C-A426-5A5AB965E623}.Release|x86.ActiveCfg = Release|Any CPU
		{404D4237-A07C-420C-A426-5A5AB965E623}.Release|x86.Build.0 = Release|Any CPU
	EndGlobalSection
	GlobalSection(SolutionProperties) = preSolution
		HideSolutionNode = FALSE
	EndGlobalSection
	GlobalSection(NestedProjects) = preSolution
		{167F98E6-4F7F-F8F2-56D1-E41FDA201B8F} = {1DBD47E2-544B-F58A-27AE-70AE938492FA}
	EndGlobalSection
	GlobalSection(ExtensibilityGlobals) = postSolution
		SolutionGuid = {8EB55EC3-3926-484C-8256-4C1CB0F5003C}
	EndGlobalSection
EndGlobal
