
Microsoft Visual Studio Solution File, Format Version 12.00
Project("{FAE04EC0-301F-11D3-BF4B-00C04F79EFBC}") = "TrafficLight", "TrafficLight\TrafficLight.csproj", "{8196AF84-5C54-49AF-9014-0A6DB62A3663}"
EndProject
Global
	GlobalSection(SolutionConfigurationPlatforms) = preSolution
		Debug|Any CPU = Debug|Any CPU
		Release|Any CPU = Release|Any CPU
	EndGlobalSection
	GlobalSection(ProjectConfigurationPlatforms) = postSolution
		{8196AF84-5C54-49AF-9014-0A6DB62A3663}.Debug|Any CPU.ActiveCfg = Debug|Any CPU
		{8196AF84-5C54-49AF-9014-0A6DB62A3663}.Debug|Any CPU.Build.0 = Debug|Any CPU
		{8196AF84-5C54-49AF-9014-0A6DB62A3663}.Release|Any CPU.ActiveCfg = Release|Any CPU
		{8196AF84-5C54-49AF-9014-0A6DB62A3663}.Release|Any CPU.Build.0 = Release|Any CPU
	EndGlobalSection
EndGlobal
